// !$*UTF8*$!
{
	archiveVersion = 1;
	classes = {
	};
	objectVersion = 55;
	objects = {

/* Begin PBXBuildFile section */
		12C7EE502AF0E21400CA3144 /* SceneDelegate.m in Sources */ = {isa = PBXBuildFile; fileRef = 12C7EE4F2AF0E21400CA3144 /* SceneDelegate.m */; };
		12C7EE532AF0E21400CA3144 /* ViewController.m in Sources */ = {isa = PBXBuildFile; fileRef = 12C7EE522AF0E21400CA3144 /* ViewController.m */; };
		12C7EE562AF0E21400CA3144 /* Main.storyboard in Resources */ = {isa = PBXBuildFile; fileRef = 12C7EE542AF0E21400CA3144 /* Main.storyboard */; };
		12C7EE592AF0E21400CA3144 /* PDYMatchismo.xcdatamodeld in Sources */ = {isa = PBXBuildFile; fileRef = 12C7EE572AF0E21400CA3144 /* PDYMatchismo.xcdatamodeld */; };
		12C7EE5B2AF0E21500CA3144 /* Assets.xcassets in Resources */ = {isa = PBXBuildFile; fileRef = 12C7EE5A2AF0E21500CA3144 /* Assets.xcassets */; };
		12C7EE5E2AF0E21500CA3144 /* LaunchScreen.storyboard in Resources */ = {isa = PBXBuildFile; fileRef = 12C7EE5C2AF0E21500CA3144 /* LaunchScreen.storyboard */; };
		12C7EE612AF0E21500CA3144 /* main.m in Sources */ = {isa = PBXBuildFile; fileRef = 12C7EE602AF0E21500CA3144 /* main.m */; };
		12C7EE6B2AF0E21500CA3144 /* PDYMatchismoTests.m in Sources */ = {isa = PBXBuildFile; fileRef = 12C7EE6A2AF0E21500CA3144 /* PDYMatchismoTests.m */; };
		12C7EE752AF0E21500CA3144 /* PDYMatchismoUITests.m in Sources */ = {isa = PBXBuildFile; fileRef = 12C7EE742AF0E21500CA3144 /* PDYMatchismoUITests.m */; };
		12C7EE772AF0E21500CA3144 /* PDYMatchismoUITestsLaunchTests.m in Sources */ = {isa = PBXBuildFile; fileRef = 12C7EE762AF0E21500CA3144 /* PDYMatchismoUITestsLaunchTests.m */; };
		12C7EE872AF0E32E00CA3144 /* AppDelegate.m in Sources */ = {isa = PBXBuildFile; fileRef = 12C7EE862AF0E32E00CA3144 /* AppDelegate.m */; };
		12C7EE8C2AF111EF00CA3144 /* Card.m in Sources */ = {isa = PBXBuildFile; fileRef = 12C7EE8B2AF111EF00CA3144 /* Card.m */; };
		12C7EE902AF1133000CA3144 /* Deck.m in Sources */ = {isa = PBXBuildFile; fileRef = 12C7EE8F2AF1133000CA3144 /* Deck.m */; };
		12C7EE932AF115A400CA3144 /* PlayingCard.m in Sources */ = {isa = PBXBuildFile; fileRef = 12C7EE922AF115A400CA3144 /* PlayingCard.m */; };
		12C7EE962AF1188000CA3144 /* PlayingCardDeck.m in Sources */ = {isa = PBXBuildFile; fileRef = 12C7EE952AF1188000CA3144 /* PlayingCardDeck.m */; };
		12C7EE992AF233D600CA3144 /* CardMatchingGame.m in Sources */ = {isa = PBXBuildFile; fileRef = 12C7EE982AF233D600CA3144 /* CardMatchingGame.m */; };
/* End PBXBuildFile section */

/* Begin PBXContainerItemProxy section */
		12C7EE672AF0E21500CA3144 /* PBXContainerItemProxy */ = {
			isa = PBXContainerItemProxy;
			containerPortal = 12C7EE402AF0E21400CA3144 /* Project object */;
			proxyType = 1;
			remoteGlobalIDString = 12C7EE472AF0E21400CA3144;
			remoteInfo = PDYMatchismo;
		};
		12C7EE712AF0E21500CA3144 /* PBXContainerItemProxy */ = {
			isa = PBXContainerItemProxy;
			containerPortal = 12C7EE402AF0E21400CA3144 /* Project object */;
			proxyType = 1;
			remoteGlobalIDString = 12C7EE472AF0E21400CA3144;
			remoteInfo = PDYMatchismo;
		};
/* End PBXContainerItemProxy section */

/* Begin PBXFileReference section */
		12C7EE482AF0E21400CA3144 /* PDYMatchismo.app */ = {isa = PBXFileReference; explicitFileType = wrapper.application; includeInIndex = 0; path = PDYMatchismo.app; sourceTree = BUILT_PRODUCTS_DIR; };
		12C7EE4E2AF0E21400CA3144 /* SceneDelegate.h */ = {isa = PBXFileReference; lastKnownFileType = sourcecode.c.h; path = SceneDelegate.h; sourceTree = "<group>"; };
		12C7EE4F2AF0E21400CA3144 /* SceneDelegate.m */ = {isa = PBXFileReference; lastKnownFileType = sourcecode.c.objc; path = SceneDelegate.m; sourceTree = "<group>"; };
		12C7EE512AF0E21400CA3144 /* ViewController.h */ = {isa = PBXFileReference; lastKnownFileType = sourcecode.c.h; path = ViewController.h; sourceTree = "<group>"; };
		12C7EE522AF0E21400CA3144 /* ViewController.m */ = {isa = PBXFileReference; lastKnownFileType = sourcecode.c.objc; path = ViewController.m; sourceTree = "<group>"; };
		12C7EE552AF0E21400CA3144 /* Base */ = {isa = PBXFileReference; lastKnownFileType = file.storyboard; name = Base; path = Base.lproj/Main.storyboard; sourceTree = "<group>"; };
		12C7EE582AF0E21400CA3144 /* PDYMatchismo.xcdatamodel */ = {isa = PBXFileReference; lastKnownFileType = wrapper.xcdatamodel; path = PDYMatchismo.xcdatamodel; sourceTree = "<group>"; };
		12C7EE5A2AF0E21500CA3144 /* Assets.xcassets */ = {isa = PBXFileReference; lastKnownFileType = folder.assetcatalog; path = Assets.xcassets; sourceTree = "<group>"; };
		12C7EE5D2AF0E21500CA3144 /* Base */ = {isa = PBXFileReference; lastKnownFileType = file.storyboard; name = Base; path = Base.lproj/LaunchScreen.storyboard; sourceTree = "<group>"; };
		12C7EE5F2AF0E21500CA3144 /* Info.plist */ = {isa = PBXFileReference; lastKnownFileType = text.plist.xml; path = Info.plist; sourceTree = "<group>"; };
		12C7EE602AF0E21500CA3144 /* main.m */ = {isa = PBXFileReference; lastKnownFileType = sourcecode.c.objc; path = main.m; sourceTree = "<group>"; };
		12C7EE662AF0E21500CA3144 /* PDYMatchismoTests.xctest */ = {isa = PBXFileReference; explicitFileType = wrapper.cfbundle; includeInIndex = 0; path = PDYMatchismoTests.xctest; sourceTree = BUILT_PRODUCTS_DIR; };
		12C7EE6A2AF0E21500CA3144 /* PDYMatchismoTests.m */ = {isa = PBXFileReference; lastKnownFileType = sourcecode.c.objc; path = PDYMatchismoTests.m; sourceTree = "<group>"; };
		12C7EE702AF0E21500CA3144 /* PDYMatchismoUITests.xctest */ = {isa = PBXFileReference; explicitFileType = wrapper.cfbundle; includeInIndex = 0; path = PDYMatchismoUITests.xctest; sourceTree = BUILT_PRODUCTS_DIR; };
		12C7EE742AF0E21500CA3144 /* PDYMatchismoUITests.m */ = {isa = PBXFileReference; lastKnownFileType = sourcecode.c.objc; path = PDYMatchismoUITests.m; sourceTree = "<group>"; };
		12C7EE762AF0E21500CA3144 /* PDYMatchismoUITestsLaunchTests.m */ = {isa = PBXFileReference; lastKnownFileType = sourcecode.c.objc; path = PDYMatchismoUITestsLaunchTests.m; sourceTree = "<group>"; };
		12C7EE852AF0E32600CA3144 /* AppDelegate.h */ = {isa = PBXFileReference; lastKnownFileType = sourcecode.c.h; path = AppDelegate.h; sourceTree = "<group>"; };
		12C7EE862AF0E32E00CA3144 /* AppDelegate.m */ = {isa = PBXFileReference; lastKnownFileType = sourcecode.c.objc; path = AppDelegate.m; sourceTree = "<group>"; };
		12C7EE8A2AF111EF00CA3144 /* Card.h */ = {isa = PBXFileReference; lastKnownFileType = sourcecode.c.h; path = Card.h; sourceTree = "<group>"; };
		12C7EE8B2AF111EF00CA3144 /* Card.m */ = {isa = PBXFileReference; lastKnownFileType = sourcecode.c.objc; path = Card.m; sourceTree = "<group>"; };
		12C7EE8E2AF1133000CA3144 /* Deck.h */ = {isa = PBXFileReference; lastKnownFileType = sourcecode.c.h; path = Deck.h; sourceTree = "<group>"; };
		12C7EE8F2AF1133000CA3144 /* Deck.m */ = {isa = PBXFileReference; lastKnownFileType = sourcecode.c.objc; path = Deck.m; sourceTree = "<group>"; };
		12C7EE912AF115A400CA3144 /* PlayingCard.h */ = {isa = PBXFileReference; lastKnownFileType = sourcecode.c.h; path = PlayingCard.h; sourceTree = "<group>"; };
		12C7EE922AF115A400CA3144 /* PlayingCard.m */ = {isa = PBXFileReference; lastKnownFileType = sourcecode.c.objc; path = PlayingCard.m; sourceTree = "<group>"; };
		12C7EE942AF1188000CA3144 /* PlayingCardDeck.h */ = {isa = PBXFileReference; lastKnownFileType = sourcecode.c.h; path = PlayingCardDeck.h; sourceTree = "<group>"; };
		12C7EE952AF1188000CA3144 /* PlayingCardDeck.m */ = {isa = PBXFileReference; lastKnownFileType = sourcecode.c.objc; path = PlayingCardDeck.m; sourceTree = "<group>"; };
		12C7EE972AF233D600CA3144 /* CardMatchingGame.h */ = {isa = PBXFileReference; lastKnownFileType = sourcecode.c.h; path = CardMatchingGame.h; sourceTree = "<group>"; };
		12C7EE982AF233D600CA3144 /* CardMatchingGame.m */ = {isa = PBXFileReference; lastKnownFileType = sourcecode.c.objc; path = CardMatchingGame.m; sourceTree = "<group>"; };
/* End PBXFileReference section */

/* Begin PBXFrameworksBuildPhase section */
		12C7EE452AF0E21400CA3144 /* Frameworks */ = {
			isa = PBXFrameworksBuildPhase;
			buildActionMask = 2147483647;
			files = (
			);
			runOnlyForDeploymentPostprocessing = 0;
		};
		12C7EE632AF0E21500CA3144 /* Frameworks */ = {
			isa = PBXFrameworksBuildPhase;
			buildActionMask = 2147483647;
			files = (
			);
			runOnlyForDeploymentPostprocessing = 0;
		};
		12C7EE6D2AF0E21500CA3144 /* Frameworks */ = {
			isa = PBXFrameworksBuildPhase;
			buildActionMask = 2147483647;
			files = (
			);
			runOnlyForDeploymentPostprocessing = 0;
		};
/* End PBXFrameworksBuildPhase section */

/* Begin PBXGroup section */
		12C7EE3F2AF0E21400CA3144 = {
			isa = PBXGroup;
			children = (
				12C7EE4A2AF0E21400CA3144 /* PDYMatchismo */,
				12C7EE692AF0E21500CA3144 /* PDYMatchismoTests */,
				12C7EE732AF0E21500CA3144 /* PDYMatchismoUITests */,
				12C7EE492AF0E21400CA3144 /* Products */,
			);
			sourceTree = "<group>";
		};
		12C7EE492AF0E21400CA3144 /* Products */ = {
			isa = PBXGroup;
			children = (
				12C7EE482AF0E21400CA3144 /* PDYMatchismo.app */,
				12C7EE662AF0E21500CA3144 /* PDYMatchismoTests.xctest */,
				12C7EE702AF0E21500CA3144 /* PDYMatchismoUITests.xctest */,
			);
			name = Products;
			sourceTree = "<group>";
		};
		12C7EE4A2AF0E21400CA3144 /* PDYMatchismo */ = {
			isa = PBXGroup;
			children = (
				12C7EE852AF0E32600CA3144 /* AppDelegate.h */,
				12C7EE4E2AF0E21400CA3144 /* SceneDelegate.h */,
				12C7EE512AF0E21400CA3144 /* ViewController.h */,
				12C7EE862AF0E32E00CA3144 /* AppDelegate.m */,
				12C7EE602AF0E21500CA3144 /* main.m */,
				12C7EE4F2AF0E21400CA3144 /* SceneDelegate.m */,
				12C7EE522AF0E21400CA3144 /* ViewController.m */,
				12C7EE5F2AF0E21500CA3144 /* Info.plist */,
				12C7EE5A2AF0E21500CA3144 /* Assets.xcassets */,
				12C7EE5C2AF0E21500CA3144 /* LaunchScreen.storyboard */,
				12C7EE542AF0E21400CA3144 /* Main.storyboard */,
				12C7EE572AF0E21400CA3144 /* PDYMatchismo.xcdatamodeld */,
				12C7EE8D2AF111F600CA3144 /* Model */,
			);
			path = PDYMatchismo;
			sourceTree = "<group>";
		};
		12C7EE692AF0E21500CA3144 /* PDYMatchismoTests */ = {
			isa = PBXGroup;
			children = (
				12C7EE6A2AF0E21500CA3144 /* PDYMatchismoTests.m */,
			);
			path = PDYMatchismoTests;
			sourceTree = "<group>";
		};
		12C7EE732AF0E21500CA3144 /* PDYMatchismoUITests */ = {
			isa = PBXGroup;
			children = (
				12C7EE742AF0E21500CA3144 /* PDYMatchismoUITests.m */,
				12C7EE762AF0E21500CA3144 /* PDYMatchismoUITestsLaunchTests.m */,
			);
			path = PDYMatchismoUITests;
			sourceTree = "<group>";
		};
		12C7EE8D2AF111F600CA3144 /* Model */ = {
			isa = PBXGroup;
			children = (
				12C7EE8A2AF111EF00CA3144 /* Card.h */,
				12C7EE8B2AF111EF00CA3144 /* Card.m */,
				12C7EE8E2AF1133000CA3144 /* Deck.h */,
				12C7EE8F2AF1133000CA3144 /* Deck.m */,
				12C7EE912AF115A400CA3144 /* PlayingCard.h */,
				12C7EE922AF115A400CA3144 /* PlayingCard.m */,
				12C7EE942AF1188000CA3144 /* PlayingCardDeck.h */,
				12C7EE952AF1188000CA3144 /* PlayingCardDeck.m */,
				12C7EE972AF233D600CA3144 /* CardMatchingGame.h */,
				12C7EE982AF233D600CA3144 /* CardMatchingGame.m */,
			);
			path = Model;
			sourceTree = "<group>";
		};
/* End PBXGroup section */

/* Begin PBXNativeTarget section */
		12C7EE472AF0E21400CA3144 /* PDYMatchismo */ = {
			isa = PBXNativeTarget;
			buildConfigurationList = 12C7EE7A2AF0E21500CA3144 /* Build configuration list for PBXNativeTarget "PDYMatchismo" */;
			buildPhases = (
				12C7EE442AF0E21400CA3144 /* Sources */,
				12C7EE452AF0E21400CA3144 /* Frameworks */,
				12C7EE462AF0E21400CA3144 /* Resources */,
			);
			buildRules = (
			);
			dependencies = (
			);
			name = PDYMatchismo;
			productName = PDYMatchismo;
			productReference = 12C7EE482AF0E21400CA3144 /* PDYMatchismo.app */;
			productType = "com.apple.product-type.application";
		};
		12C7EE652AF0E21500CA3144 /* PDYMatchismoTests */ = {
			isa = PBXNativeTarget;
			buildConfigurationList = 12C7EE7D2AF0E21500CA3144 /* Build configuration list for PBXNativeTarget "PDYMatchismoTests" */;
			buildPhases = (
				12C7EE622AF0E21500CA3144 /* Sources */,
				12C7EE632AF0E21500CA3144 /* Frameworks */,
				12C7EE642AF0E21500CA3144 /* Resources */,
			);
			buildRules = (
			);
			dependencies = (
				12C7EE682AF0E21500CA3144 /* PBXTargetDependency */,
			);
			name = PDYMatchismoTests;
			productName = PDYMatchismoTests;
			productReference = 12C7EE662AF0E21500CA3144 /* PDYMatchismoTests.xctest */;
			productType = "com.apple.product-type.bundle.unit-test";
		};
		12C7EE6F2AF0E21500CA3144 /* PDYMatchismoUITests */ = {
			isa = PBXNativeTarget;
			buildConfigurationList = 12C7EE802AF0E21500CA3144 /* Build configuration list for PBXNativeTarget "PDYMatchismoUITests" */;
			buildPhases = (
				12C7EE6C2AF0E21500CA3144 /* Sources */,
				12C7EE6D2AF0E21500CA3144 /* Frameworks */,
				12C7EE6E2AF0E21500CA3144 /* Resources */,
			);
			buildRules = (
			);
			dependencies = (
				12C7EE722AF0E21500CA3144 /* PBXTargetDependency */,
			);
			name = PDYMatchismoUITests;
			productName = PDYMatchismoUITests;
			productReference = 12C7EE702AF0E21500CA3144 /* PDYMatchismoUITests.xctest */;
			productType = "com.apple.product-type.bundle.ui-testing";
		};
/* End PBXNativeTarget section */

/* Begin PBXProject section */
		12C7EE402AF0E21400CA3144 /* Project object */ = {
			isa = PBXProject;
			attributes = {
				BuildIndependentTargetsInParallel = 1;
				LastUpgradeCheck = 1340;
				TargetAttributes = {
					12C7EE472AF0E21400CA3144 = {
						CreatedOnToolsVersion = 13.4.1;
					};
					12C7EE652AF0E21500CA3144 = {
						CreatedOnToolsVersion = 13.4.1;
						TestTargetID = 12C7EE472AF0E21400CA3144;
					};
					12C7EE6F2AF0E21500CA3144 = {
						CreatedOnToolsVersion = 13.4.1;
						TestTargetID = 12C7EE472AF0E21400CA3144;
					};
				};
			};
			buildConfigurationList = 12C7EE432AF0E21400CA3144 /* Build configuration list for PBXProject "PDYMatchismo" */;
			compatibilityVersion = "Xcode 13.0";
			developmentRegion = en;
			hasScannedForEncodings = 0;
			knownRegions = (
				en,
				Base,
			);
			mainGroup = 12C7EE3F2AF0E21400CA3144;
			productRefGroup = 12C7EE492AF0E21400CA3144 /* Products */;
			projectDirPath = "";
			projectRoot = "";
			targets = (
				12C7EE472AF0E21400CA3144 /* PDYMatchismo */,
				12C7EE652AF0E21500CA3144 /* PDYMatchismoTests */,
				12C7EE6F2AF0E21500CA3144 /* PDYMatchismoUITests */,
			);
		};
/* End PBXProject section */

/* Begin PBXResourcesBuildPhase section */
		12C7EE462AF0E21400CA3144 /* Resources */ = {
			isa = PBXResourcesBuildPhase;
			buildActionMask = 2147483647;
			files = (
				12C7EE5E2AF0E21500CA3144 /* LaunchScreen.storyboard in Resources */,
				12C7EE5B2AF0E21500CA3144 /* Assets.xcassets in Resources */,
				12C7EE562AF0E21400CA3144 /* Main.storyboard in Resources */,
			);
			runOnlyForDeploymentPostprocessing = 0;
		};
		12C7EE642AF0E21500CA3144 /* Resources */ = {
			isa = PBXResourcesBuildPhase;
			buildActionMask = 2147483647;
			files = (
			);
			runOnlyForDeploymentPostprocessing = 0;
		};
		12C7EE6E2AF0E21500CA3144 /* Resources */ = {
			isa = PBXResourcesBuildPhase;
			buildActionMask = 2147483647;
			files = (
			);
			runOnlyForDeploymentPostprocessing = 0;
		};
/* End PBXResourcesBuildPhase section */

/* Begin PBXSourcesBuildPhase section */
		12C7EE442AF0E21400CA3144 /* Sources */ = {
			isa = PBXSourcesBuildPhase;
			buildActionMask = 2147483647;
			files = (
				12C7EE612AF0E21500CA3144 /* main.m in Sources */,
				12C7EE962AF1188000CA3144 /* PlayingCardDeck.m in Sources */,
				12C7EE992AF233D600CA3144 /* CardMatchingGame.m in Sources */,
				12C7EE902AF1133000CA3144 /* Deck.m in Sources */,
				12C7EE532AF0E21400CA3144 /* ViewController.m in Sources */,
				12C7EE502AF0E21400CA3144 /* SceneDelegate.m in Sources */,
				12C7EE592AF0E21400CA3144 /* PDYMatchismo.xcdatamodeld in Sources */,
				12C7EE872AF0E32E00CA3144 /* AppDelegate.m in Sources */,
				12C7EE932AF115A400CA3144 /* PlayingCard.m in Sources */,
				12C7EE8C2AF111EF00CA3144 /* Card.m in Sources */,
			);
			runOnlyForDeploymentPostprocessing = 0;
		};
		12C7EE622AF0E21500CA3144 /* Sources */ = {
			isa = PBXSourcesBuildPhase;
			buildActionMask = 2147483647;
			files = (
				12C7EE6B2AF0E21500CA3144 /* PDYMatchismoTests.m in Sources */,
			);
			runOnlyForDeploymentPostprocessing = 0;
		};
		12C7EE6C2AF0E21500CA3144 /* Sources */ = {
			isa = PBXSourcesBuildPhase;
			buildActionMask = 2147483647;
			files = (
				12C7EE772AF0E21500CA3144 /* PDYMatchismoUITestsLaunchTests.m in Sources */,
				12C7EE752AF0E21500CA3144 /* PDYMatchismoUITests.m in Sources */,
			);
			runOnlyForDeploymentPostprocessing = 0;
		};
/* End PBXSourcesBuildPhase section */

/* Begin PBXTargetDependency section */
		12C7EE682AF0E21500CA3144 /* PBXTargetDependency */ = {
			isa = PBXTargetDependency;
			target = 12C7EE472AF0E21400CA3144 /* PDYMatchismo */;
			targetProxy = 12C7EE672AF0E21500CA3144 /* PBXContainerItemProxy */;
		};
		12C7EE722AF0E21500CA3144 /* PBXTargetDependency */ = {
			isa = PBXTargetDependency;
			target = 12C7EE472AF0E21400CA3144 /* PDYMatchismo */;
			targetProxy = 12C7EE712AF0E21500CA3144 /* PBXContainerItemProxy */;
		};
/* End PBXTargetDependency section */

/* Begin PBXVariantGroup section */
		12C7EE542AF0E21400CA3144 /* Main.storyboard */ = {
			isa = PBXVariantGroup;
			children = (
				12C7EE552AF0E21400CA3144 /* Base */,
			);
			name = Main.storyboard;
			sourceTree = "<group>";
		};
		12C7EE5C2AF0E21500CA3144 /* LaunchScreen.storyboard */ = {
			isa = PBXVariantGroup;
			children = (
				12C7EE5D2AF0E21500CA3144 /* Base */,
			);
			name = LaunchScreen.storyboard;
			sourceTree = "<group>";
		};
/* End PBXVariantGroup section */

/* Begin XCBuildConfiguration section */
		12C7EE782AF0E21500CA3144 /* Debug */ = {
			isa = XCBuildConfiguration;
			buildSettings = {
				ALWAYS_SEARCH_USER_PATHS = NO;
				CLANG_ANALYZER_NONNULL = YES;
				CLANG_ANALYZER_NUMBER_OBJECT_CONVERSION = YES_AGGRESSIVE;
				CLANG_CXX_LANGUAGE_STANDARD = "gnu++17";
				CLANG_ENABLE_MODULES = YES;
				CLANG_ENABLE_OBJC_ARC = YES;
				CLANG_ENABLE_OBJC_WEAK = YES;
				CLANG_WARN_BLOCK_CAPTURE_AUTORELEASING = YES;
				CLANG_WARN_BOOL_CONVERSION = YES;
				CLANG_WARN_COMMA = YES;
				CLANG_WARN_CONSTANT_CONVERSION = YES;
				CLANG_WARN_DEPRECATED_OBJC_IMPLEMENTATIONS = YES;
				CLANG_WARN_DIRECT_OBJC_ISA_USAGE = YES_ERROR;
				CLANG_WARN_DOCUMENTATION_COMMENTS = YES;
				CLANG_WARN_EMPTY_BODY = YES;
				CLANG_WARN_ENUM_CONVERSION = YES;
				CLANG_WARN_INFINITE_RECURSION = YES;
				CLANG_WARN_INT_CONVERSION = YES;
				CLANG_WARN_NON_LITERAL_NULL_CONVERSION = YES;
				CLANG_WARN_OBJC_IMPLICIT_RETAIN_SELF = YES;
				CLANG_WARN_OBJC_LITERAL_CONVERSION = YES;
				CLANG_WARN_OBJC_ROOT_CLASS = YES_ERROR;
				CLANG_WARN_QUOTED_INCLUDE_IN_FRAMEWORK_HEADER = YES;
				CLANG_WARN_RANGE_LOOP_ANALYSIS = YES;
				CLANG_WARN_STRICT_PROTOTYPES = YES;
				CLANG_WARN_SUSPICIOUS_MOVE = YES;
				CLANG_WARN_UNGUARDED_AVAILABILITY = YES_AGGRESSIVE;
				CLANG_WARN_UNREACHABLE_CODE = YES;
				CLANG_WARN__DUPLICATE_METHOD_MATCH = YES;
				COPY_PHASE_STRIP = NO;
				DEBUG_INFORMATION_FORMAT = dwarf;
				ENABLE_STRICT_OBJC_MSGSEND = YES;
				ENABLE_TESTABILITY = YES;
				GCC_C_LANGUAGE_STANDARD = gnu11;
				GCC_DYNAMIC_NO_PIC = NO;
				GCC_NO_COMMON_BLOCKS = YES;
				GCC_OPTIMIZATION_LEVEL = 0;
				GCC_PREPROCESSOR_DEFINITIONS = (
					"DEBUG=1",
					"$(inherited)",
				);
				GCC_WARN_64_TO_32_BIT_CONVERSION = YES;
				GCC_WARN_ABOUT_RETURN_TYPE = YES_ERROR;
				GCC_WARN_UNDECLARED_SELECTOR = YES;
				GCC_WARN_UNINITIALIZED_AUTOS = YES_AGGRESSIVE;
				GCC_WARN_UNUSED_FUNCTION = YES;
				GCC_WARN_UNUSED_VARIABLE = YES;
				IPHONEOS_DEPLOYMENT_TARGET = 15.5;
				MTL_ENABLE_DEBUG_INFO = INCLUDE_SOURCE;
				MTL_FAST_MATH = YES;
				ONLY_ACTIVE_ARCH = YES;
				SDKROOT = iphoneos;
			};
			name = Debug;
		};
		12C7EE792AF0E21500CA3144 /* Release */ = {
			isa = XCBuildConfiguration;
			buildSettings = {
				ALWAYS_SEARCH_USER_PATHS = NO;
				CLANG_ANALYZER_NONNULL = YES;
				CLANG_ANALYZER_NUMBER_OBJECT_CONVERSION = YES_AGGRESSIVE;
				CLANG_CXX_LANGUAGE_STANDARD = "gnu++17";
				CLANG_ENABLE_MODULES = YES;
				CLANG_ENABLE_OBJC_ARC = YES;
				CLANG_ENABLE_OBJC_WEAK = YES;
				CLANG_WARN_BLOCK_CAPTURE_AUTORELEASING = YES;
				CLANG_WARN_BOOL_CONVERSION = YES;
				CLANG_WARN_COMMA = YES;
				CLANG_WARN_CONSTANT_CONVERSION = YES;
				CLANG_WARN_DEPRECATED_OBJC_IMPLEMENTATIONS = YES;
				CLANG_WARN_DIRECT_OBJC_ISA_USAGE = YES_ERROR;
				CLANG_WARN_DOCUMENTATION_COMMENTS = YES;
				CLANG_WARN_EMPTY_BODY = YES;
				CLANG_WARN_ENUM_CONVERSION = YES;
				CLANG_WARN_INFINITE_RECURSION = YES;
				CLANG_WARN_INT_CONVERSION = YES;
				CLANG_WARN_NON_LITERAL_NULL_CONVERSION = YES;
				CLANG_WARN_OBJC_IMPLICIT_RETAIN_SELF = YES;
				CLANG_WARN_OBJC_LITERAL_CONVERSION = YES;
				CLANG_WARN_OBJC_ROOT_CLASS = YES_ERROR;
				CLANG_WARN_QUOTED_INCLUDE_IN_FRAMEWORK_HEADER = YES;
				CLANG_WARN_RANGE_LOOP_ANALYSIS = YES;
				CLANG_WARN_STRICT_PROTOTYPES = YES;
				CLANG_WARN_SUSPICIOUS_MOVE = YES;
				CLANG_WARN_UNGUARDED_AVAILABILITY = YES_AGGRESSIVE;
				CLANG_WARN_UNREACHABLE_CODE = YES;
				CLANG_WARN__DUPLICATE_METHOD_MATCH = YES;
				COPY_PHASE_STRIP = NO;
				DEBUG_INFORMATION_FORMAT = "dwarf-with-dsym";
				ENABLE_NS_ASSERTIONS = NO;
				ENABLE_STRICT_OBJC_MSGSEND = YES;
				GCC_C_LANGUAGE_STANDARD = gnu11;
				GCC_NO_COMMON_BLOCKS = YES;
				GCC_WARN_64_TO_32_BIT_CONVERSION = YES;
				GCC_WARN_ABOUT_RETURN_TYPE = YES_ERROR;
				GCC_WARN_UNDECLARED_SELECTOR = YES;
				GCC_WARN_UNINITIALIZED_AUTOS = YES_AGGRESSIVE;
				GCC_WARN_UNUSED_FUNCTION = YES;
				GCC_WARN_UNUSED_VARIABLE = YES;
				IPHONEOS_DEPLOYMENT_TARGET = 15.5;
				MTL_ENABLE_DEBUG_INFO = NO;
				MTL_FAST_MATH = YES;
				SDKROOT = iphoneos;
				VALIDATE_PRODUCT = YES;
			};
			name = Release;
		};
		12C7EE7B2AF0E21500CA3144 /* Debug */ = {
			isa = XCBuildConfiguration;
			buildSettings = {
				ASSETCATALOG_COMPILER_APPICON_NAME = AppIcon;
				ASSETCATALOG_COMPILER_GLOBAL_ACCENT_COLOR_NAME = AccentColor;
				ASSETCATALOG_COMPILER_INCLUDE_ALL_APPICON_ASSETS = NO;
				CODE_SIGN_STYLE = Automatic;
				CURRENT_PROJECT_VERSION = 1;
				GENERATE_INFOPLIST_FILE = YES;
				INFOPLIST_FILE = PDYMatchismo/Info.plist;
				INFOPLIST_KEY_UIApplicationSupportsIndirectInputEvents = YES;
				INFOPLIST_KEY_UILaunchStoryboardName = LaunchScreen;
				INFOPLIST_KEY_UIMainStoryboardFile = Main;
				INFOPLIST_KEY_UISupportedInterfaceOrientations_iPad = "UIInterfaceOrientationPortrait UIInterfaceOrientationPortraitUpsideDown UIInterfaceOrientationLandscapeLeft UIInterfaceOrientationLandscapeRight";
				INFOPLIST_KEY_UISupportedInterfaceOrientations_iPhone = "UIInterfaceOrientationPortrait UIInterfaceOrientationLandscapeLeft UIInterfaceOrientationLandscapeRight";
				LD_RUNPATH_SEARCH_PATHS = (
					"$(inherited)",
					"@executable_path/Frameworks",
				);
				MARKETING_VERSION = 1.0;
				PRODUCT_BUNDLE_IDENTIFIER = Fuyuyu.PDYMatchismo;
				PRODUCT_NAME = "$(TARGET_NAME)";
				SWIFT_EMIT_LOC_STRINGS = YES;
				TARGETED_DEVICE_FAMILY = 1;
			};
			name = Debug;
		};
		12C7EE7C2AF0E21500CA3144 /* Release */ = {
			isa = XCBuildConfiguration;
			buildSettings = {
				ASSETCATALOG_COMPILER_APPICON_NAME = AppIcon;
				ASSETCATALOG_COMPILER_GLOBAL_ACCENT_COLOR_NAME = AccentColor;
				ASSETCATALOG_COMPILER_INCLUDE_ALL_APPICON_ASSETS = NO;
				CODE_SIGN_STYLE = Automatic;
				CURRENT_PROJECT_VERSION = 1;
				GENERATE_INFOPLIST_FILE = YES;
				INFOPLIST_FILE = PDYMatchismo/Info.plist;
				INFOPLIST_KEY_UIApplicationSupportsIndirectInputEvents = YES;
				INFOPLIST_KEY_UILaunchStoryboardName = LaunchScreen;
				INFOPLIST_KEY_UIMainStoryboardFile = Main;
				INFOPLIST_KEY_UISupportedInterfaceOrientations_iPad = "UIInterfaceOrientationPortrait UIInterfaceOrientationPortraitUpsideDown UIInterfaceOrientationLandscapeLeft UIInterfaceOrientationLandscapeRight";
				INFOPLIST_KEY_UISupportedInterfaceOrientations_iPhone = "UIInterfaceOrientationPortrait UIInterfaceOrientationLandscapeLeft UIInterfaceOrientationLandscapeRight";
				LD_RUNPATH_SEARCH_PATHS = (
					"$(inherited)",
					"@executable_path/Frameworks",
				);
				MARKETING_VERSION = 1.0;
				PRODUCT_BUNDLE_IDENTIFIER = Fuyuyu.PDYMatchismo;
				PRODUCT_NAME = "$(TARGET_NAME)";
				SWIFT_EMIT_LOC_STRINGS = YES;
				TARGETED_DEVICE_FAMILY = 1;
			};
			name = Release;
		};
		12C7EE7E2AF0E21500CA3144 /* Debug */ = {
			isa = XCBuildConfiguration;
			buildSettings = {
				BUNDLE_LOADER = "$(TEST_HOST)";
				CODE_SIGN_STYLE = Automatic;
				CURRENT_PROJECT_VERSION = 1;
				GENERATE_INFOPLIST_FILE = YES;
				IPHONEOS_DEPLOYMENT_TARGET = 15.5;
				MARKETING_VERSION = 1.0;
				PRODUCT_BUNDLE_IDENTIFIER = Fuyuyu.PDYMatchismoTests;
				PRODUCT_NAME = "$(TARGET_NAME)";
				SWIFT_EMIT_LOC_STRINGS = NO;
				TARGETED_DEVICE_FAMILY = "1,2";
				TEST_HOST = "$(BUILT_PRODUCTS_DIR)/PDYMatchismo.app/PDYMatchismo";
			};
			name = Debug;
		};
		12C7EE7F2AF0E21500CA3144 /* Release */ = {
			isa = XCBuildConfiguration;
			buildSettings = {
				BUNDLE_LOADER = "$(TEST_HOST)";
				CODE_SIGN_STYLE = Automatic;
				CURRENT_PROJECT_VERSION = 1;
				GENERATE_INFOPLIST_FILE = YES;
				IPHONEOS_DEPLOYMENT_TARGET = 15.5;
				MARKETING_VERSION = 1.0;
				PRODUCT_BUNDLE_IDENTIFIER = Fuyuyu.PDYMatchismoTests;
				PRODUCT_NAME = "$(TARGET_NAME)";
				SWIFT_EMIT_LOC_STRINGS = NO;
				TARGETED_DEVICE_FAMILY = "1,2";
				TEST_HOST = "$(BUILT_PRODUCTS_DIR)/PDYMatchismo.app/PDYMatchismo";
			};
			name = Release;
		};
		12C7EE812AF0E21500CA3144 /* Debug */ = {
			isa = XCBuildConfiguration;
			buildSettings = {
				CODE_SIGN_STYLE = Automatic;
				CURRENT_PROJECT_VERSION = 1;
				GENERATE_INFOPLIST_FILE = YES;
				MARKETING_VERSION = 1.0;
				PRODUCT_BUNDLE_IDENTIFIER = Fuyuyu.PDYMatchismoUITests;
				PRODUCT_NAME = "$(TARGET_NAME)";
				SWIFT_EMIT_LOC_STRINGS = NO;
				TARGETED_DEVICE_FAMILY = "1,2";
				TEST_TARGET_NAME = PDYMatchismo;
			};
			name = Debug;
		};
		12C7EE822AF0E21500CA3144 /* Release */ = {
			isa = XCBuildConfiguration;
			buildSettings = {
				CODE_SIGN_STYLE = Automatic;
				CURRENT_PROJECT_VERSION = 1;
				GENERATE_INFOPLIST_FILE = YES;
				MARKETING_VERSION = 1.0;
				PRODUCT_BUNDLE_IDENTIFIER = Fuyuyu.PDYMatchismoUITests;
				PRODUCT_NAME = "$(TARGET_NAME)";
				SWIFT_EMIT_LOC_STRINGS = NO;
				TARGETED_DEVICE_FAMILY = "1,2";
				TEST_TARGET_NAME = PDYMatchismo;
			};
			name = Release;
		};
/* End XCBuildConfiguration section */

/* Begin XCConfigurationList section */
		12C7EE432AF0E21400CA3144 /* Build configuration list for PBXProject "PDYMatchismo" */ = {
			isa = XCConfigurationList;
			buildConfigurations = (
				12C7EE782AF0E21500CA3144 /* Debug */,
				12C7EE792AF0E21500CA3144 /* Release */,
			);
			defaultConfigurationIsVisible = 0;
			defaultConfigurationName = Release;
		};
		12C7EE7A2AF0E21500CA3144 /* Build configuration list for PBXNativeTarget "PDYMatchismo" */ = {
			isa = XCConfigurationList;
			buildConfigurations = (
				12C7EE7B2AF0E21500CA3144 /* Debug */,
				12C7EE7C2AF0E21500CA3144 /* Release */,
			);
			defaultConfigurationIsVisible = 0;
			defaultConfigurationName = Release;
		};
		12C7EE7D2AF0E21500CA3144 /* Build configuration list for PBXNativeTarget "PDYMatchismoTests" */ = {
			isa = XCConfigurationList;
			buildConfigurations = (
				12C7EE7E2AF0E21500CA3144 /* Debug */,
				12C7EE7F2AF0E21500CA3144 /* Release */,
			);
			defaultConfigurationIsVisible = 0;
			defaultConfigurationName = Release;
		};
		12C7EE802AF0E21500CA3144 /* Build configuration list for PBXNativeTarget "PDYMatchismoUITests" */ = {
			isa = XCConfigurationList;
			buildConfigurations = (
				12C7EE812AF0E21500CA3144 /* Debug */,
				12C7EE822AF0E21500CA3144 /* Release */,
			);
			defaultConfigurationIsVisible = 0;
			defaultConfigurationName = Release;
		};
/* End XCConfigurationList section */

/* Begin XCVersionGroup section */
		12C7EE572AF0E21400CA3144 /* PDYMatchismo.xcdatamodeld */ = {
			isa = XCVersionGroup;
			children = (
				12C7EE582AF0E21400CA3144 /* PDYMatchismo.xcdatamodel */,
			);
			currentVersion = 12C7EE582AF0E21400CA3144 /* PDYMatchismo.xcdatamodel */;
			path = PDYMatchismo.xcdatamodeld;
			sourceTree = "<group>";
			versionGroupType = wrapper.xcdatamodel;
		};
/* End XCVersionGroup section */
	};
	rootObject = 12C7EE402AF0E21400CA3144 /* Project object */;
}
